
Microsoft Visual Studio Solution File, Format Version 12.00
# Visual Studio Version 17
VisualStudioVersion = 17.9.34723.18
MinimumVisualStudioVersion = 10.0.40219.1
Project("{9A19103F-16F7-4668-BE54-9A1E7A4F7556}") = "GACodeCoveragePoc", "GACodeCoveragePoc\GACodeCoveragePoc.csproj", "{7D96FA06-427C-4C0A-B8C7-965BB9E541AD}"
EndProject
Project("{9A19103F-16F7-4668-BE54-9A1E7A4F7556}") = "GACodeCoveragePoc.Tests", "GACodeCoveragePoc.Tests\GACodeCoveragePoc.Tests.csproj", "{F38900A5-D9FD-4797-9BE6-B0990F7E4FE9}"
EndProject
Project("{FAE04EC0-301F-11D3-BF4B-00C04F79EFBC}") = "ProjectTwo", "ProjectTwo\ProjectTwo.csproj", "{D1A94C4F-85D1-4403-BD6F-B2C45D4FB878}"
EndProject
Global
	GlobalSection(SolutionConfigurationPlatforms) = preSolution
		Debug|Any CPU = Debug|Any CPU
		Release|Any CPU = Release|Any CPU
	EndGlobalSection
	GlobalSection(ProjectConfigurationPlatforms) = postSolution
		{7D96FA06-427C-4C0A-B8C7-965BB9E541AD}.Debug|Any CPU.ActiveCfg = Debug|Any CPU
		{7D96FA06-427C-4C0A-B8C7-965BB9E541AD}.Debug|Any CPU.Build.0 = Debug|Any CPU
		{7D96FA06-427C-4C0A-B8C7-965BB9E541AD}.Release|Any CPU.ActiveCfg = Release|Any CPU
		{7D96FA06-427C-4C0A-B8C7-965BB9E541AD}.Release|Any CPU.Build.0 = Release|Any CPU
		{F38900A5-D9FD-4797-9BE6-B0990F7E4FE9}.Debug|Any CPU.ActiveCfg = Debug|Any CPU
		{F38900A5-D9FD-4797-9BE6-B0990F7E4FE9}.Debug|Any CPU.Build.0 = Debug|Any CPU
		{F38900A5-D9FD-4797-9BE6-B0990F7E4FE9}.Release|Any CPU.ActiveCfg = Release|Any CPU
		{F38900A5-D9FD-4797-9BE6-B0990F7E4FE9}.Release|Any CPU.Build.0 = Release|Any CPU
		{D1A94C4F-85D1-4403-BD6F-B2C45D4FB878}.Debug|Any CPU.ActiveCfg = Debug|Any CPU
		{D1A94C4F-85D1-4403-BD6F-B2C45D4FB878}.Debug|Any CPU.Build.0 = Debug|Any CPU
		{D1A94C4F-85D1-4403-BD6F-B2C45D4FB878}.Release|Any CPU.ActiveCfg = Release|Any CPU
		{D1A94C4F-85D1-4403-BD6F-B2C45D4FB878}.Release|Any CPU.Build.0 = Release|Any CPU
	EndGlobalSection
	GlobalSection(SolutionProperties) = preSolution
		HideSolutionNode = FALSE
	EndGlobalSection
	GlobalSection(ExtensibilityGlobals) = postSolution
		SolutionGuid = {03168FDF-D6E8-47D1-9CCF-C3F8441E2DE5}
	EndGlobalSection
EndGlobal
